// !$*UTF8*$!
{
	archiveVersion = 1;
	classes = {
	};
	objectVersion = 50;
	objects = {

/* Begin PBXBuildFile section */
		52D94B6524EC0F2C00D12171 /* AppDelegate.m in Sources */ = {isa = PBXBuildFile; fileRef = 52D94B6424EC0F2C00D12171 /* AppDelegate.m */; };
		52D94B6824EC0F2C00D12171 /* SceneDelegate.m in Sources */ = {isa = PBXBuildFile; fileRef = 52D94B6724EC0F2C00D12171 /* SceneDelegate.m */; };
		52D94B6E24EC0F2C00D12171 /* Main.storyboard in Resources */ = {isa = PBXBuildFile; fileRef = 52D94B6C24EC0F2C00D12171 /* Main.storyboard */; };
		52D94B7024EC0F2C00D12171 /* Assets.xcassets in Resources */ = {isa = PBXBuildFile; fileRef = 52D94B6F24EC0F2C00D12171 /* Assets.xcassets */; };
		52D94B7324EC0F2C00D12171 /* LaunchScreen.storyboard in Resources */ = {isa = PBXBuildFile; fileRef = 52D94B7124EC0F2C00D12171 /* LaunchScreen.storyboard */; };
		52D94B7624EC0F2C00D12171 /* main.m in Sources */ = {isa = PBXBuildFile; fileRef = 52D94B7524EC0F2C00D12171 /* main.m */; };
		52D94B8024EC0F2C00D12171 /* NRColorDemoTests.m in Sources */ = {isa = PBXBuildFile; fileRef = 52D94B7F24EC0F2C00D12171 /* NRColorDemoTests.m */; };
		52D94B8B24EC0F2C00D12171 /* NRColorDemoUITests.m in Sources */ = {isa = PBXBuildFile; fileRef = 52D94B8A24EC0F2C00D12171 /* NRColorDemoUITests.m */; };
		52D94B9B24EC106400D12171 /* NRCollectionViewCell.m in Sources */ = {isa = PBXBuildFile; fileRef = 52D94B9924EC106400D12171 /* NRCollectionViewCell.m */; };
		52D94B9C24EC106400D12171 /* NRCollectionViewCell.xib in Resources */ = {isa = PBXBuildFile; fileRef = 52D94B9A24EC106400D12171 /* NRCollectionViewCell.xib */; };
		52D94B9F24EC12E000D12171 /* NRCollectionViewController.m in Sources */ = {isa = PBXBuildFile; fileRef = 52D94B9E24EC12E000D12171 /* NRCollectionViewController.m */; };
/* End PBXBuildFile section */

/* Begin PBXContainerItemProxy section */
		52D94B7C24EC0F2C00D12171 /* PBXContainerItemProxy */ = {
			isa = PBXContainerItemProxy;
			containerPortal = 52D94B5824EC0F2C00D12171 /* Project object */;
			proxyType = 1;
			remoteGlobalIDString = 52D94B5F24EC0F2C00D12171;
			remoteInfo = NRColorDemo;
		};
		52D94B8724EC0F2C00D12171 /* PBXContainerItemProxy */ = {
			isa = PBXContainerItemProxy;
			containerPortal = 52D94B5824EC0F2C00D12171 /* Project object */;
			proxyType = 1;
			remoteGlobalIDString = 52D94B5F24EC0F2C00D12171;
			remoteInfo = NRColorDemo;
		};
/* End PBXContainerItemProxy section */

/* Begin PBXFileReference section */
		52D94B6024EC0F2C00D12171 /* NRColorDemo.app */ = {isa = PBXFileReference; explicitFileType = wrapper.application; includeInIndex = 0; path = NRColorDemo.app; sourceTree = BUILT_PRODUCTS_DIR; };
		52D94B6324EC0F2C00D12171 /* AppDelegate.h */ = {isa = PBXFileReference; lastKnownFileType = sourcecode.c.h; path = AppDelegate.h; sourceTree = "<group>"; };
		52D94B6424EC0F2C00D12171 /* AppDelegate.m */ = {isa = PBXFileReference; lastKnownFileType = sourcecode.c.objc; path = AppDelegate.m; sourceTree = "<group>"; };
		52D94B6624EC0F2C00D12171 /* SceneDelegate.h */ = {isa = PBXFileReference; lastKnownFileType = sourcecode.c.h; path = SceneDelegate.h; sourceTree = "<group>"; };
		52D94B6724EC0F2C00D12171 /* SceneDelegate.m */ = {isa = PBXFileReference; lastKnownFileType = sourcecode.c.objc; path = SceneDelegate.m; sourceTree = "<group>"; };
		52D94B6D24EC0F2C00D12171 /* Base */ = {isa = PBXFileReference; lastKnownFileType = file.storyboard; name = Base; path = Base.lproj/Main.storyboard; sourceTree = "<group>"; };
		52D94B6F24EC0F2C00D12171 /* Assets.xcassets */ = {isa = PBXFileReference; lastKnownFileType = folder.assetcatalog; path = Assets.xcassets; sourceTree = "<group>"; };
		52D94B7224EC0F2C00D12171 /* Base */ = {isa = PBXFileReference; lastKnownFileType = file.storyboard; name = Base; path = Base.lproj/LaunchScreen.storyboard; sourceTree = "<group>"; };
		52D94B7424EC0F2C00D12171 /* Info.plist */ = {isa = PBXFileReference; lastKnownFileType = text.plist.xml; path = Info.plist; sourceTree = "<group>"; };
		52D94B7524EC0F2C00D12171 /* main.m */ = {isa = PBXFileReference; lastKnownFileType = sourcecode.c.objc; path = main.m; sourceTree = "<group>"; };
		52D94B7B24EC0F2C00D12171 /* NRColorDemoTests.xctest */ = {isa = PBXFileReference; explicitFileType = wrapper.cfbundle; includeInIndex = 0; path = NRColorDemoTests.xctest; sourceTree = BUILT_PRODUCTS_DIR; };
		52D94B7F24EC0F2C00D12171 /* NRColorDemoTests.m */ = {isa = PBXFileReference; lastKnownFileType = sourcecode.c.objc; path = NRColorDemoTests.m; sourceTree = "<group>"; };
		52D94B8124EC0F2C00D12171 /* Info.plist */ = {isa = PBXFileReference; lastKnownFileType = text.plist.xml; path = Info.plist; sourceTree = "<group>"; };
		52D94B8624EC0F2C00D12171 /* NRColorDemoUITests.xctest */ = {isa = PBXFileReference; explicitFileType = wrapper.cfbundle; includeInIndex = 0; path = NRColorDemoUITests.xctest; sourceTree = BUILT_PRODUCTS_DIR; };
		52D94B8A24EC0F2C00D12171 /* NRColorDemoUITests.m */ = {isa = PBXFileReference; lastKnownFileType = sourcecode.c.objc; path = NRColorDemoUITests.m; sourceTree = "<group>"; };
		52D94B8C24EC0F2C00D12171 /* Info.plist */ = {isa = PBXFileReference; lastKnownFileType = text.plist.xml; path = Info.plist; sourceTree = "<group>"; };
		52D94B9824EC106400D12171 /* NRCollectionViewCell.h */ = {isa = PBXFileReference; lastKnownFileType = sourcecode.c.h; path = NRCollectionViewCell.h; sourceTree = "<group>"; };
		52D94B9924EC106400D12171 /* NRCollectionViewCell.m */ = {isa = PBXFileReference; lastKnownFileType = sourcecode.c.objc; path = NRCollectionViewCell.m; sourceTree = "<group>"; };
		52D94B9A24EC106400D12171 /* NRCollectionViewCell.xib */ = {isa = PBXFileReference; lastKnownFileType = file.xib; path = NRCollectionViewCell.xib; sourceTree = "<group>"; };
		52D94B9D24EC12E000D12171 /* NRCollectionViewController.h */ = {isa = PBXFileReference; lastKnownFileType = sourcecode.c.h; path = NRCollectionViewController.h; sourceTree = "<group>"; };
		52D94B9E24EC12E000D12171 /* NRCollectionViewController.m */ = {isa = PBXFileReference; lastKnownFileType = sourcecode.c.objc; path = NRCollectionViewController.m; sourceTree = "<group>"; };
/* End PBXFileReference section */

/* Begin PBXFrameworksBuildPhase section */
		52D94B5D24EC0F2C00D12171 /* Frameworks */ = {
			isa = PBXFrameworksBuildPhase;
			buildActionMask = 2147483647;
			files = (
			);
			runOnlyForDeploymentPostprocessing = 0;
		};
		52D94B7824EC0F2C00D12171 /* Frameworks */ = {
			isa = PBXFrameworksBuildPhase;
			buildActionMask = 2147483647;
			files = (
			);
			runOnlyForDeploymentPostprocessing = 0;
		};
		52D94B8324EC0F2C00D12171 /* Frameworks */ = {
			isa = PBXFrameworksBuildPhase;
			buildActionMask = 2147483647;
			files = (
			);
			runOnlyForDeploymentPostprocessing = 0;
		};
/* End PBXFrameworksBuildPhase section */

/* Begin PBXGroup section */
		52D94B5724EC0F2C00D12171 = {
			isa = PBXGroup;
			children = (
				52D94B6224EC0F2C00D12171 /* NRColorDemo */,
				52D94B7E24EC0F2C00D12171 /* NRColorDemoTests */,
				52D94B8924EC0F2C00D12171 /* NRColorDemoUITests */,
				52D94B6124EC0F2C00D12171 /* Products */,
			);
			sourceTree = "<group>";
		};
		52D94B6124EC0F2C00D12171 /* Products */ = {
			isa = PBXGroup;
			children = (
				52D94B6024EC0F2C00D12171 /* NRColorDemo.app */,
				52D94B7B24EC0F2C00D12171 /* NRColorDemoTests.xctest */,
				52D94B8624EC0F2C00D12171 /* NRColorDemoUITests.xctest */,
			);
			name = Products;
			sourceTree = "<group>";
		};
		52D94B6224EC0F2C00D12171 /* NRColorDemo */ = {
			isa = PBXGroup;
			children = (
				52D94B6324EC0F2C00D12171 /* AppDelegate.h */,
				52D94B6424EC0F2C00D12171 /* AppDelegate.m */,
				52D94B6624EC0F2C00D12171 /* SceneDelegate.h */,
				52D94B6724EC0F2C00D12171 /* SceneDelegate.m */,
				52D94B6C24EC0F2C00D12171 /* Main.storyboard */,
				52D94B6F24EC0F2C00D12171 /* Assets.xcassets */,
				52D94B7124EC0F2C00D12171 /* LaunchScreen.storyboard */,
				52D94B7424EC0F2C00D12171 /* Info.plist */,
				52D94B7524EC0F2C00D12171 /* main.m */,
				52D94B9824EC106400D12171 /* NRCollectionViewCell.h */,
				52D94B9924EC106400D12171 /* NRCollectionViewCell.m */,
				52D94B9A24EC106400D12171 /* NRCollectionViewCell.xib */,
				52D94B9D24EC12E000D12171 /* NRCollectionViewController.h */,
				52D94B9E24EC12E000D12171 /* NRCollectionViewController.m */,
			);
			path = NRColorDemo;
			sourceTree = "<group>";
		};
		52D94B7E24EC0F2C00D12171 /* NRColorDemoTests */ = {
			isa = PBXGroup;
			children = (
				52D94B7F24EC0F2C00D12171 /* NRColorDemoTests.m */,
				52D94B8124EC0F2C00D12171 /* Info.plist */,
			);
			path = NRColorDemoTests;
			sourceTree = "<group>";
		};
		52D94B8924EC0F2C00D12171 /* NRColorDemoUITests */ = {
			isa = PBXGroup;
			children = (
				52D94B8A24EC0F2C00D12171 /* NRColorDemoUITests.m */,
				52D94B8C24EC0F2C00D12171 /* Info.plist */,
			);
			path = NRColorDemoUITests;
			sourceTree = "<group>";
		};
/* End PBXGroup section */

/* Begin PBXNativeTarget section */
		52D94B5F24EC0F2C00D12171 /* NRColorDemo */ = {
			isa = PBXNativeTarget;
			buildConfigurationList = 52D94B8F24EC0F2C00D12171 /* Build configuration list for PBXNativeTarget "NRColorDemo" */;
			buildPhases = (
				52D94B5C24EC0F2C00D12171 /* Sources */,
				52D94B5D24EC0F2C00D12171 /* Frameworks */,
				52D94B5E24EC0F2C00D12171 /* Resources */,
			);
			buildRules = (
			);
			dependencies = (
			);
			name = NRColorDemo;
			productName = NRColorDemo;
			productReference = 52D94B6024EC0F2C00D12171 /* NRColorDemo.app */;
			productType = "com.apple.product-type.application";
		};
		52D94B7A24EC0F2C00D12171 /* NRColorDemoTests */ = {
			isa = PBXNativeTarget;
			buildConfigurationList = 52D94B9224EC0F2C00D12171 /* Build configuration list for PBXNativeTarget "NRColorDemoTests" */;
			buildPhases = (
				52D94B7724EC0F2C00D12171 /* Sources */,
				52D94B7824EC0F2C00D12171 /* Frameworks */,
				52D94B7924EC0F2C00D12171 /* Resources */,
			);
			buildRules = (
			);
			dependencies = (
				52D94B7D24EC0F2C00D12171 /* PBXTargetDependency */,
			);
			name = NRColorDemoTests;
			productName = NRColorDemoTests;
			productReference = 52D94B7B24EC0F2C00D12171 /* NRColorDemoTests.xctest */;
			productType = "com.apple.product-type.bundle.unit-test";
		};
		52D94B8524EC0F2C00D12171 /* NRColorDemoUITests */ = {
			isa = PBXNativeTarget;
			buildConfigurationList = 52D94B9524EC0F2C00D12171 /* Build configuration list for PBXNativeTarget "NRColorDemoUITests" */;
			buildPhases = (
				52D94B8224EC0F2C00D12171 /* Sources */,
				52D94B8324EC0F2C00D12171 /* Frameworks */,
				52D94B8424EC0F2C00D12171 /* Resources */,
			);
			buildRules = (
			);
			dependencies = (
				52D94B8824EC0F2C00D12171 /* PBXTargetDependency */,
			);
			name = NRColorDemoUITests;
			productName = NRColorDemoUITests;
			productReference = 52D94B8624EC0F2C00D12171 /* NRColorDemoUITests.xctest */;
			productType = "com.apple.product-type.bundle.ui-testing";
		};
/* End PBXNativeTarget section */

/* Begin PBXProject section */
		52D94B5824EC0F2C00D12171 /* Project object */ = {
			isa = PBXProject;
			attributes = {
				LastUpgradeCheck = 1160;
				ORGANIZATIONNAME = "王文涛";
				TargetAttributes = {
					52D94B5F24EC0F2C00D12171 = {
						CreatedOnToolsVersion = 11.6;
					};
					52D94B7A24EC0F2C00D12171 = {
						CreatedOnToolsVersion = 11.6;
						TestTargetID = 52D94B5F24EC0F2C00D12171;
					};
					52D94B8524EC0F2C00D12171 = {
						CreatedOnToolsVersion = 11.6;
						TestTargetID = 52D94B5F24EC0F2C00D12171;
					};
				};
			};
			buildConfigurationList = 52D94B5B24EC0F2C00D12171 /* Build configuration list for PBXProject "NRColorDemo" */;
			compatibilityVersion = "Xcode 9.3";
			developmentRegion = en;
			hasScannedForEncodings = 0;
			knownRegions = (
				en,
				Base,
			);
			mainGroup = 52D94B5724EC0F2C00D12171;
			productRefGroup = 52D94B6124EC0F2C00D12171 /* Products */;
			projectDirPath = "";
			projectRoot = "";
			targets = (
				52D94B5F24EC0F2C00D12171 /* NRColorDemo */,
				52D94B7A24EC0F2C00D12171 /* NRColorDemoTests */,
				52D94B8524EC0F2C00D12171 /* NRColorDemoUITests */,
			);
		};
/* End PBXProject section */

/* Begin PBXResourcesBuildPhase section */
		52D94B5E24EC0F2C00D12171 /* Resources */ = {
			isa = PBXResourcesBuildPhase;
			buildActionMask = 2147483647;
			files = (
				52D94B9C24EC106400D12171 /* NRCollectionViewCell.xib in Resources */,
				52D94B7324EC0F2C00D12171 /* LaunchScreen.storyboard in Resources */,
				52D94B7024EC0F2C00D12171 /* Assets.xcassets in Resources */,
				52D94B6E24EC0F2C00D12171 /* Main.storyboard in Resources */,
			);
			runOnlyForDeploymentPostprocessing = 0;
		};
		52D94B7924EC0F2C00D12171 /* Resources */ = {
			isa = PBXResourcesBuildPhase;
			buildActionMask = 2147483647;
			files = (
			);
			runOnlyForDeploymentPostprocessing = 0;
		};
		52D94B8424EC0F2C00D12171 /* Resources */ = {
			isa = PBXResourcesBuildPhase;
			buildActionMask = 2147483647;
			files = (
			);
			runOnlyForDeploymentPostprocessing = 0;
		};
/* End PBXResourcesBuildPhase section */

/* Begin PBXSourcesBuildPhase section */
		52D94B5C24EC0F2C00D12171 /* Sources */ = {
			isa = PBXSourcesBuildPhase;
			buildActionMask = 2147483647;
			files = (
				52D94B6524EC0F2C00D12171 /* AppDelegate.m in Sources */,
				52D94B9F24EC12E000D12171 /* NRCollectionViewController.m in Sources */,
				52D94B7624EC0F2C00D12171 /* main.m in Sources */,
				52D94B6824EC0F2C00D12171 /* SceneDelegate.m in Sources */,
				52D94B9B24EC106400D12171 /* NRCollectionViewCell.m in Sources */,
			);
			runOnlyForDeploymentPostprocessing = 0;
		};
		52D94B7724EC0F2C00D12171 /* Sources */ = {
			isa = PBXSourcesBuildPhase;
			buildActionMask = 2147483647;
			files = (
				52D94B8024EC0F2C00D12171 /* NRColorDemoTests.m in Sources */,
			);
			runOnlyForDeploymentPostprocessing = 0;
		};
		52D94B8224EC0F2C00D12171 /* Sources */ = {
			isa = PBXSourcesBuildPhase;
			buildActionMask = 2147483647;
			files = (
				52D94B8B24EC0F2C00D12171 /* NRColorDemoUITests.m in Sources */,
			);
			runOnlyForDeploymentPostprocessing = 0;
		};
/* End PBXSourcesBuildPhase section */

/* Begin PBXTargetDependency section */
		52D94B7D24EC0F2C00D12171 /* PBXTargetDependency */ = {
			isa = PBXTargetDependency;
			target = 52D94B5F24EC0F2C00D12171 /* NRColorDemo */;
			targetProxy = 52D94B7C24EC0F2C00D12171 /* PBXContainerItemProxy */;
		};
		52D94B8824EC0F2C00D12171 /* PBXTargetDependency */ = {
			isa = PBXTargetDependency;
			target = 52D94B5F24EC0F2C00D12171 /* NRColorDemo */;
			targetProxy = 52D94B8724EC0F2C00D12171 /* PBXContainerItemProxy */;
		};
/* End PBXTargetDependency section */

/* Begin PBXVariantGroup section */
		52D94B6C24EC0F2C00D12171 /* Main.storyboard */ = {
			isa = PBXVariantGroup;
			children = (
				52D94B6D24EC0F2C00D12171 /* Base */,
			);
			name = Main.storyboard;
			sourceTree = "<group>";
		};
		52D94B7124EC0F2C00D12171 /* LaunchScreen.storyboard */ = {
			isa = PBXVariantGroup;
			children = (
				52D94B7224EC0F2C00D12171 /* Base */,
			);
			name = LaunchScreen.storyboard;
			sourceTree = "<group>";
		};
/* End PBXVariantGroup section */

/* Begin XCBuildConfiguration section */
		52D94B8D24EC0F2C00D12171 /* Debug */ = {
			isa = XCBuildConfiguration;
			buildSettings = {
				ALWAYS_SEARCH_USER_PATHS = NO;
				CLANG_ANALYZER_NONNULL = YES;
				CLANG_ANALYZER_NUMBER_OBJECT_CONVERSION = YES_AGGRESSIVE;
				CLANG_CXX_LANGUAGE_STANDARD = "gnu++14";
				CLANG_CXX_LIBRARY = "libc++";
				CLANG_ENABLE_MODULES = YES;
				CLANG_ENABLE_OBJC_ARC = YES;
				CLANG_ENABLE_OBJC_WEAK = YES;
				CLANG_WARN_BLOCK_CAPTURE_AUTORELEASING = YES;
				CLANG_WARN_BOOL_CONVERSION = YES;
				CLANG_WARN_COMMA = YES;
				CLANG_WARN_CONSTANT_CONVERSION = YES;
				CLANG_WARN_DEPRECATED_OBJC_IMPLEMENTATIONS = YES;
				CLANG_WARN_DIRECT_OBJC_ISA_USAGE = YES_ERROR;
				CLANG_WARN_DOCUMENTATION_COMMENTS = YES;
				CLANG_WARN_EMPTY_BODY = YES;
				CLANG_WARN_ENUM_CONVERSION = YES;
				CLANG_WARN_INFINITE_RECURSION = YES;
				CLANG_WARN_INT_CONVERSION = YES;
				CLANG_WARN_NON_LITERAL_NULL_CONVERSION = YES;
				CLANG_WARN_OBJC_IMPLICIT_RETAIN_SELF = YES;
				CLANG_WARN_OBJC_LITERAL_CONVERSION = YES;
				CLANG_WARN_OBJC_ROOT_CLASS = YES_ERROR;
				CLANG_WARN_RANGE_LOOP_ANALYSIS = YES;
				CLANG_WARN_STRICT_PROTOTYPES = YES;
				CLANG_WARN_SUSPICIOUS_MOVE = YES;
				CLANG_WARN_UNGUARDED_AVAILABILITY = YES_AGGRESSIVE;
				CLANG_WARN_UNREACHABLE_CODE = YES;
				CLANG_WARN__DUPLICATE_METHOD_MATCH = YES;
				COPY_PHASE_STRIP = NO;
				DEBUG_INFORMATION_FORMAT = dwarf;
				ENABLE_STRICT_OBJC_MSGSEND = YES;
				ENABLE_TESTABILITY = YES;
				GCC_C_LANGUAGE_STANDARD = gnu11;
				GCC_DYNAMIC_NO_PIC = NO;
				GCC_NO_COMMON_BLOCKS = YES;
				GCC_OPTIMIZATION_LEVEL = 0;
				GCC_PREPROCESSOR_DEFINITIONS = (
					"DEBUG=1",
					"$(inherited)",
				);
				GCC_WARN_64_TO_32_BIT_CONVERSION = YES;
				GCC_WARN_ABOUT_RETURN_TYPE = YES_ERROR;
				GCC_WARN_UNDECLARED_SELECTOR = YES;
				GCC_WARN_UNINITIALIZED_AUTOS = YES_AGGRESSIVE;
				GCC_WARN_UNUSED_FUNCTION = YES;
				GCC_WARN_UNUSED_VARIABLE = YES;
				IPHONEOS_DEPLOYMENT_TARGET = 13.6;
				MTL_ENABLE_DEBUG_INFO = INCLUDE_SOURCE;
				MTL_FAST_MATH = YES;
				ONLY_ACTIVE_ARCH = YES;
				SDKROOT = iphoneos;
			};
			name = Debug;
		};
		52D94B8E24EC0F2C00D12171 /* Release */ = {
			isa = XCBuildConfiguration;
			buildSettings = {
				ALWAYS_SEARCH_USER_PATHS = NO;
				CLANG_ANALYZER_NONNULL = YES;
				CLANG_ANALYZER_NUMBER_OBJECT_CONVERSION = YES_AGGRESSIVE;
				CLANG_CXX_LANGUAGE_STANDARD = "gnu++14";
				CLANG_CXX_LIBRARY = "libc++";
				CLANG_ENABLE_MODULES = YES;
				CLANG_ENABLE_OBJC_ARC = YES;
				CLANG_ENABLE_OBJC_WEAK = YES;
				CLANG_WARN_BLOCK_CAPTURE_AUTORELEASING = YES;
				CLANG_WARN_BOOL_CONVERSION = YES;
				CLANG_WARN_COMMA = YES;
				CLANG_WARN_CONSTANT_CONVERSION = YES;
				CLANG_WARN_DEPRECATED_OBJC_IMPLEMENTATIONS = YES;
				CLANG_WARN_DIRECT_OBJC_ISA_USAGE = YES_ERROR;
				CLANG_WARN_DOCUMENTATION_COMMENTS = YES;
				CLANG_WARN_EMPTY_BODY = YES;
				CLANG_WARN_ENUM_CONVERSION = YES;
				CLANG_WARN_INFINITE_RECURSION = YES;
				CLANG_WARN_INT_CONVERSION = YES;
				CLANG_WARN_NON_LITERAL_NULL_CONVERSION = YES;
				CLANG_WARN_OBJC_IMPLICIT_RETAIN_SELF = YES;
				CLANG_WARN_OBJC_LITERAL_CONVERSION = YES;
				CLANG_WARN_OBJC_ROOT_CLASS = YES_ERROR;
				CLANG_WARN_RANGE_LOOP_ANALYSIS = YES;
				CLANG_WARN_STRICT_PROTOTYPES = YES;
				CLANG_WARN_SUSPICIOUS_MOVE = YES;
				CLANG_WARN_UNGUARDED_AVAILABILITY = YES_AGGRESSIVE;
				CLANG_WARN_UNREACHABLE_CODE = YES;
				CLANG_WARN__DUPLICATE_METHOD_MATCH = YES;
				COPY_PHASE_STRIP = NO;
				DEBUG_INFORMATION_FORMAT = "dwarf-with-dsym";
				ENABLE_NS_ASSERTIONS = NO;
				ENABLE_STRICT_OBJC_MSGSEND = YES;
				GCC_C_LANGUAGE_STANDARD = gnu11;
				GCC_NO_COMMON_BLOCKS = YES;
				GCC_WARN_64_TO_32_BIT_CONVERSION = YES;
				GCC_WARN_ABOUT_RETURN_TYPE = YES_ERROR;
				GCC_WARN_UNDECLARED_SELECTOR = YES;
				GCC_WARN_UNINITIALIZED_AUTOS = YES_AGGRESSIVE;
				GCC_WARN_UNUSED_FUNCTION = YES;
				GCC_WARN_UNUSED_VARIABLE = YES;
				IPHONEOS_DEPLOYMENT_TARGET = 13.6;
				MTL_ENABLE_DEBUG_INFO = NO;
				MTL_FAST_MATH = YES;
				SDKROOT = iphoneos;
				VALIDATE_PRODUCT = YES;
			};
			name = Release;
		};
		52D94B9024EC0F2C00D12171 /* Debug */ = {
			isa = XCBuildConfiguration;
			buildSettings = {
				ASSETCATALOG_COMPILER_APPICON_NAME = AppIcon;
				CODE_SIGN_STYLE = Automatic;
				DEVELOPMENT_TEAM = NEFN7ET24B;
				INFOPLIST_FILE = NRColorDemo/Info.plist;
				LD_RUNPATH_SEARCH_PATHS = (
					"$(inherited)",
					"@executable_path/Frameworks",
				);
				PRODUCT_BUNDLE_IDENTIFIER = com.nicorobine.NRColorDemo;
				PRODUCT_NAME = "$(TARGET_NAME)";
				TARGETED_DEVICE_FAMILY = "1,2";
			};
			name = Debug;
		};
		52D94B9124EC0F2C00D12171 /* Release */ = {
			isa = XCBuildConfiguration;
			buildSettings = {
				ASSETCATALOG_COMPILER_APPICON_NAME = AppIcon;
				CODE_SIGN_STYLE = Automatic;
				DEVELOPMENT_TEAM = NEFN7ET24B;
				INFOPLIST_FILE = NRColorDemo/Info.plist;
				LD_RUNPATH_SEARCH_PATHS = (
					"$(inherited)",
					"@executable_path/Frameworks",
				);
				PRODUCT_BUNDLE_IDENTIFIER = com.nicorobine.NRColorDemo;
				PRODUCT_NAME = "$(TARGET_NAME)";
				TARGETED_DEVICE_FAMILY = "1,2";
			};
			name = Release;
		};
		52D94B9324EC0F2C00D12171 /* Debug */ = {
			isa = XCBuildConfiguration;
			buildSettings = {
				BUNDLE_LOADER = "$(TEST_HOST)";
				CODE_SIGN_STYLE = Automatic;
				DEVELOPMENT_TEAM = NEFN7ET24B;
				INFOPLIST_FILE = NRColorDemoTests/Info.plist;
				IPHONEOS_DEPLOYMENT_TARGET = 13.6;
				LD_RUNPATH_SEARCH_PATHS = (
					"$(inherited)",
					"@executable_path/Frameworks",
					"@loader_path/Frameworks",
				);
				PRODUCT_BUNDLE_IDENTIFIER = com.nicorobine.NRColorDemoTests;
				PRODUCT_NAME = "$(TARGET_NAME)";
				TARGETED_DEVICE_FAMILY = "1,2";
				TEST_HOST = "$(BUILT_PRODUCTS_DIR)/NRColorDemo.app/NRColorDemo";
			};
			name = Debug;
		};
		52D94B9424EC0F2C00D12171 /* Release */ = {
			isa = XCBuildConfiguration;
			buildSettings = {
				BUNDLE_LOADER = "$(TEST_HOST)";
				CODE_SIGN_STYLE = Automatic;
				DEVELOPMENT_TEAM = NEFN7ET24B;
				INFOPLIST_FILE = NRColorDemoTests/Info.plist;
				IPHONEOS_DEPLOYMENT_TARGET = 13.6;
				LD_RUNPATH_SEARCH_PATHS = (
					"$(inherited)",
					"@executable_path/Frameworks",
					"@loader_path/Frameworks",
				);
				PRODUCT_BUNDLE_IDENTIFIER = com.nicorobine.NRColorDemoTests;
				PRODUCT_NAME = "$(TARGET_NAME)";
				TARGETED_DEVICE_FAMILY = "1,2";
				TEST_HOST = "$(BUILT_PRODUCTS_DIR)/NRColorDemo.app/NRColorDemo";
			};
			name = Release;
		};
		52D94B9624EC0F2C00D12171 /* Debug */ = {
			isa = XCBuildConfiguration;
			buildSettings = {
				CODE_SIGN_STYLE = Automatic;
				DEVELOPMENT_TEAM = NEFN7ET24B;
				INFOPLIST_FILE = NRColorDemoUITests/Info.plist;
				LD_RUNPATH_SEARCH_PATHS = (
					"$(inherited)",
					"@executable_path/Frameworks",
					"@loader_path/Frameworks",
				);
				PRODUCT_BUNDLE_IDENTIFIER = com.nicorobine.NRColorDemoUITests;
				PRODUCT_NAME = "$(TARGET_NAME)";
				TARGETED_DEVICE_FAMILY = "1,2";
				TEST_TARGET_NAME = NRColorDemo;
			};
			name = Debug;
		};
		52D94B9724EC0F2C00D12171 /* Release */ = {
			isa = XCBuildConfiguration;
			buildSettings = {
				CODE_SIGN_STYLE = Automatic;
				DEVELOPMENT_TEAM = NEFN7ET24B;
				INFOPLIST_FILE = NRColorDemoUITests/Info.plist;
				LD_RUNPATH_SEARCH_PATHS = (
					"$(inherited)",
					"@executable_path/Frameworks",
					"@loader_path/Frameworks",
				);
				PRODUCT_BUNDLE_IDENTIFIER = com.nicorobine.NRColorDemoUITests;
				PRODUCT_NAME = "$(TARGET_NAME)";
				TARGETED_DEVICE_FAMILY = "1,2";
				TEST_TARGET_NAME = NRColorDemo;
			};
			name = Release;
		};
/* End XCBuildConfiguration section */

/* Begin XCConfigurationList section */
		52D94B5B24EC0F2C00D12171 /* Build configuration list for PBXProject "NRColorDemo" */ = {
			isa = XCConfigurationList;
			buildConfigurations = (
				52D94B8D24EC0F2C00D12171 /* Debug */,
				52D94B8E24EC0F2C00D12171 /* Release */,
			);
			defaultConfigurationIsVisible = 0;
			defaultConfigurationName = Release;
		};
		52D94B8F24EC0F2C00D12171 /* Build configuration list for PBXNativeTarget "NRColorDemo" */ = {
			isa = XCConfigurationList;
			buildConfigurations = (
				52D94B9024EC0F2C00D12171 /* Debug */,
				52D94B9124EC0F2C00D12171 /* Release */,
			);
			defaultConfigurationIsVisible = 0;
			defaultConfigurationName = Release;
		};
		52D94B9224EC0F2C00D12171 /* Build configuration list for PBXNativeTarget "NRColorDemoTests" */ = {
			isa = XCConfigurationList;
			buildConfigurations = (
				52D94B9324EC0F2C00D12171 /* Debug */,
				52D94B9424EC0F2C00D12171 /* Release */,
			);
			defaultConfigurationIsVisible = 0;
			defaultConfigurationName = Release;
		};
		52D94B9524EC0F2C00D12171 /* Build configuration list for PBXNativeTarget "NRColorDemoUITests" */ = {
			isa = XCConfigurationList;
			buildConfigurations = (
				52D94B9624EC0F2C00D12171 /* Debug */,
				52D94B9724EC0F2C00D12171 /* Release */,
			);
			defaultConfigurationIsVisible = 0;
			defaultConfigurationName = Release;
		};
/* End XCConfigurationList section */
	};
	rootObject = 52D94B5824EC0F2C00D12171 /* Project object */;
}
