// !$*UTF8*$!
{
	archiveVersion = 1;
	classes = {
	};
	objectVersion = 50;
	objects = {

/* Begin PBXBuildFile section */
		830C2D042542E101001F2EB0 /* AppDelegate.m in Sources */ = {isa = PBXBuildFile; fileRef = 830C2D032542E101001F2EB0 /* AppDelegate.m */; };
		830C2D072542E101001F2EB0 /* SceneDelegate.m in Sources */ = {isa = PBXBuildFile; fileRef = 830C2D062542E101001F2EB0 /* SceneDelegate.m */; };
		830C2D0A2542E101001F2EB0 /* ViewController.m in Sources */ = {isa = PBXBuildFile; fileRef = 830C2D092542E101001F2EB0 /* ViewController.m */; };
		830C2D0D2542E101001F2EB0 /* Main.storyboard in Resources */ = {isa = PBXBuildFile; fileRef = 830C2D0B2542E101001F2EB0 /* Main.storyboard */; };
		830C2D102542E101001F2EB0 /* WLAppLifeCycleDemo.xcdatamodeld in Sources */ = {isa = PBXBuildFile; fileRef = 830C2D0E2542E101001F2EB0 /* WLAppLifeCycleDemo.xcdatamodeld */; };
		830C2D122542E106001F2EB0 /* Assets.xcassets in Resources */ = {isa = PBXBuildFile; fileRef = 830C2D112542E106001F2EB0 /* Assets.xcassets */; };
		830C2D152542E106001F2EB0 /* LaunchScreen.storyboard in Resources */ = {isa = PBXBuildFile; fileRef = 830C2D132542E106001F2EB0 /* LaunchScreen.storyboard */; };
		830C2D182542E106001F2EB0 /* main.m in Sources */ = {isa = PBXBuildFile; fileRef = 830C2D172542E106001F2EB0 /* main.m */; };
		830C2D202542E38A001F2EB0 /* NRApplication.m in Sources */ = {isa = PBXBuildFile; fileRef = 830C2D1F2542E38A001F2EB0 /* NRApplication.m */; };
		830C2D3D254940FD001F2EB0 /* NRSceneTestViewController.m in Sources */ = {isa = PBXBuildFile; fileRef = 830C2D3C254940FD001F2EB0 /* NRSceneTestViewController.m */; };
		830C2D41254946A9001F2EB0 /* NRTestOne.storyboard in Resources */ = {isa = PBXBuildFile; fileRef = 830C2D40254946A9001F2EB0 /* NRTestOne.storyboard */; };
		830C2D4425494753001F2EB0 /* NRSceneOneDelegate.m in Sources */ = {isa = PBXBuildFile; fileRef = 830C2D4325494753001F2EB0 /* NRSceneOneDelegate.m */; };
		83E01E402554F7C8005952ED /* NRShortCutScceneDelegate.m in Sources */ = {isa = PBXBuildFile; fileRef = 83E01E3F2554F7C8005952ED /* NRShortCutScceneDelegate.m */; };
		83E01E442554FC44005952ED /* NRShorCutViewController.m in Sources */ = {isa = PBXBuildFile; fileRef = 83E01E422554FC44005952ED /* NRShorCutViewController.m */; };
		83E01E452554FC44005952ED /* NRShorCutViewController.xib in Resources */ = {isa = PBXBuildFile; fileRef = 83E01E432554FC44005952ED /* NRShorCutViewController.xib */; };
/* End PBXBuildFile section */

/* Begin PBXFileReference section */
		830C2CFF2542E101001F2EB0 /* WLAppLifeCycleDemo.app */ = {isa = PBXFileReference; explicitFileType = wrapper.application; includeInIndex = 0; path = WLAppLifeCycleDemo.app; sourceTree = BUILT_PRODUCTS_DIR; };
		830C2D022542E101001F2EB0 /* AppDelegate.h */ = {isa = PBXFileReference; lastKnownFileType = sourcecode.c.h; path = AppDelegate.h; sourceTree = "<group>"; };
		830C2D032542E101001F2EB0 /* AppDelegate.m */ = {isa = PBXFileReference; lastKnownFileType = sourcecode.c.objc; path = AppDelegate.m; sourceTree = "<group>"; };
		830C2D052542E101001F2EB0 /* SceneDelegate.h */ = {isa = PBXFileReference; lastKnownFileType = sourcecode.c.h; path = SceneDelegate.h; sourceTree = "<group>"; };
		830C2D062542E101001F2EB0 /* SceneDelegate.m */ = {isa = PBXFileReference; lastKnownFileType = sourcecode.c.objc; path = SceneDelegate.m; sourceTree = "<group>"; };
		830C2D082542E101001F2EB0 /* ViewController.h */ = {isa = PBXFileReference; lastKnownFileType = sourcecode.c.h; path = ViewController.h; sourceTree = "<group>"; };
		830C2D092542E101001F2EB0 /* ViewController.m */ = {isa = PBXFileReference; lastKnownFileType = sourcecode.c.objc; path = ViewController.m; sourceTree = "<group>"; };
		830C2D0C2542E101001F2EB0 /* Base */ = {isa = PBXFileReference; lastKnownFileType = file.storyboard; name = Base; path = Base.lproj/Main.storyboard; sourceTree = "<group>"; };
		830C2D0F2542E101001F2EB0 /* WLAppLifeCycleDemo.xcdatamodel */ = {isa = PBXFileReference; lastKnownFileType = wrapper.xcdatamodel; path = WLAppLifeCycleDemo.xcdatamodel; sourceTree = "<group>"; };
		830C2D112542E106001F2EB0 /* Assets.xcassets */ = {isa = PBXFileReference; lastKnownFileType = folder.assetcatalog; path = Assets.xcassets; sourceTree = "<group>"; };
		830C2D142542E106001F2EB0 /* Base */ = {isa = PBXFileReference; lastKnownFileType = file.storyboard; name = Base; path = Base.lproj/LaunchScreen.storyboard; sourceTree = "<group>"; };
		830C2D162542E106001F2EB0 /* Info.plist */ = {isa = PBXFileReference; lastKnownFileType = text.plist.xml; path = Info.plist; sourceTree = "<group>"; };
		830C2D172542E106001F2EB0 /* main.m */ = {isa = PBXFileReference; lastKnownFileType = sourcecode.c.objc; path = main.m; sourceTree = "<group>"; };
		830C2D1E2542E38A001F2EB0 /* NRApplication.h */ = {isa = PBXFileReference; lastKnownFileType = sourcecode.c.h; path = NRApplication.h; sourceTree = "<group>"; };
		830C2D1F2542E38A001F2EB0 /* NRApplication.m */ = {isa = PBXFileReference; lastKnownFileType = sourcecode.c.objc; path = NRApplication.m; sourceTree = "<group>"; };
		830C2D3B254940FD001F2EB0 /* NRSceneTestViewController.h */ = {isa = PBXFileReference; lastKnownFileType = sourcecode.c.h; path = NRSceneTestViewController.h; sourceTree = "<group>"; };
		830C2D3C254940FD001F2EB0 /* NRSceneTestViewController.m */ = {isa = PBXFileReference; lastKnownFileType = sourcecode.c.objc; path = NRSceneTestViewController.m; sourceTree = "<group>"; };
		830C2D40254946A9001F2EB0 /* NRTestOne.storyboard */ = {isa = PBXFileReference; lastKnownFileType = file.storyboard; path = NRTestOne.storyboard; sourceTree = "<group>"; };
		830C2D4225494753001F2EB0 /* NRSceneOneDelegate.h */ = {isa = PBXFileReference; lastKnownFileType = sourcecode.c.h; path = NRSceneOneDelegate.h; sourceTree = "<group>"; };
		830C2D4325494753001F2EB0 /* NRSceneOneDelegate.m */ = {isa = PBXFileReference; lastKnownFileType = sourcecode.c.objc; path = NRSceneOneDelegate.m; sourceTree = "<group>"; };
		83E01E3E2554F7C8005952ED /* NRShortCutScceneDelegate.h */ = {isa = PBXFileReference; lastKnownFileType = sourcecode.c.h; path = NRShortCutScceneDelegate.h; sourceTree = "<group>"; };
		83E01E3F2554F7C8005952ED /* NRShortCutScceneDelegate.m */ = {isa = PBXFileReference; lastKnownFileType = sourcecode.c.objc; path = NRShortCutScceneDelegate.m; sourceTree = "<group>"; };
		83E01E412554FC44005952ED /* NRShorCutViewController.h */ = {isa = PBXFileReference; lastKnownFileType = sourcecode.c.h; path = NRShorCutViewController.h; sourceTree = "<group>"; };
		83E01E422554FC44005952ED /* NRShorCutViewController.m */ = {isa = PBXFileReference; lastKnownFileType = sourcecode.c.objc; path = NRShorCutViewController.m; sourceTree = "<group>"; };
		83E01E432554FC44005952ED /* NRShorCutViewController.xib */ = {isa = PBXFileReference; lastKnownFileType = file.xib; path = NRShorCutViewController.xib; sourceTree = "<group>"; };
/* End PBXFileReference section */

/* Begin PBXFrameworksBuildPhase section */
		830C2CFC2542E101001F2EB0 /* Frameworks */ = {
			isa = PBXFrameworksBuildPhase;
			buildActionMask = 2147483647;
			files = (
			);
			runOnlyForDeploymentPostprocessing = 0;
		};
/* End PBXFrameworksBuildPhase section */

/* Begin PBXGroup section */
		830C2CF62542E101001F2EB0 = {
			isa = PBXGroup;
			children = (
				830C2D012542E101001F2EB0 /* WLAppLifeCycleDemo */,
				830C2D002542E101001F2EB0 /* Products */,
			);
			sourceTree = "<group>";
		};
		830C2D002542E101001F2EB0 /* Products */ = {
			isa = PBXGroup;
			children = (
				830C2CFF2542E101001F2EB0 /* WLAppLifeCycleDemo.app */,
			);
			name = Products;
			sourceTree = "<group>";
		};
		830C2D012542E101001F2EB0 /* WLAppLifeCycleDemo */ = {
			isa = PBXGroup;
			children = (
				830C2D3F25494673001F2EB0 /* Storyboards */,
				830C2D3E254942EE001F2EB0 /* SceneDelegates */,
				830C2D3A254940D1001F2EB0 /* ViewControllers */,
				830C2D022542E101001F2EB0 /* AppDelegate.h */,
				830C2D032542E101001F2EB0 /* AppDelegate.m */,
				830C2D112542E106001F2EB0 /* Assets.xcassets */,
				830C2D162542E106001F2EB0 /* Info.plist */,
				830C2D132542E106001F2EB0 /* LaunchScreen.storyboard */,
				830C2D172542E106001F2EB0 /* main.m */,
				830C2D1E2542E38A001F2EB0 /* NRApplication.h */,
				830C2D1F2542E38A001F2EB0 /* NRApplication.m */,
				830C2D0E2542E101001F2EB0 /* WLAppLifeCycleDemo.xcdatamodeld */,
			);
			path = WLAppLifeCycleDemo;
			sourceTree = "<group>";
		};
		830C2D3A254940D1001F2EB0 /* ViewControllers */ = {
			isa = PBXGroup;
			children = (
				830C2D082542E101001F2EB0 /* ViewController.h */,
				830C2D092542E101001F2EB0 /* ViewController.m */,
				830C2D3B254940FD001F2EB0 /* NRSceneTestViewController.h */,
				830C2D3C254940FD001F2EB0 /* NRSceneTestViewController.m */,
				83E01E412554FC44005952ED /* NRShorCutViewController.h */,
				83E01E422554FC44005952ED /* NRShorCutViewController.m */,
				83E01E432554FC44005952ED /* NRShorCutViewController.xib */,
			);
			path = ViewControllers;
			sourceTree = "<group>";
		};
		830C2D3E254942EE001F2EB0 /* SceneDelegates */ = {
			isa = PBXGroup;
			children = (
				830C2D052542E101001F2EB0 /* SceneDelegate.h */,
				830C2D062542E101001F2EB0 /* SceneDelegate.m */,
				830C2D4225494753001F2EB0 /* NRSceneOneDelegate.h */,
				830C2D4325494753001F2EB0 /* NRSceneOneDelegate.m */,
				83E01E3E2554F7C8005952ED /* NRShortCutScceneDelegate.h */,
				83E01E3F2554F7C8005952ED /* NRShortCutScceneDelegate.m */,
			);
			path = SceneDelegates;
			sourceTree = "<group>";
		};
		830C2D3F25494673001F2EB0 /* Storyboards */ = {
			isa = PBXGroup;
			children = (
				830C2D0B2542E101001F2EB0 /* Main.storyboard */,
				830C2D40254946A9001F2EB0 /* NRTestOne.storyboard */,
			);
			path = Storyboards;
			sourceTree = "<group>";
		};
/* End PBXGroup section */

/* Begin PBXNativeTarget section */
		830C2CFE2542E101001F2EB0 /* WLAppLifeCycleDemo */ = {
			isa = PBXNativeTarget;
			buildConfigurationList = 830C2D1B2542E106001F2EB0 /* Build configuration list for PBXNativeTarget "WLAppLifeCycleDemo" */;
			buildPhases = (
				830C2CFB2542E101001F2EB0 /* Sources */,
				830C2CFC2542E101001F2EB0 /* Frameworks */,
				830C2CFD2542E101001F2EB0 /* Resources */,
			);
			buildRules = (
			);
			dependencies = (
			);
			name = WLAppLifeCycleDemo;
			productName = WLAppLifeCycleDemo;
			productReference = 830C2CFF2542E101001F2EB0 /* WLAppLifeCycleDemo.app */;
			productType = "com.apple.product-type.application";
		};
/* End PBXNativeTarget section */

/* Begin PBXProject section */
		830C2CF72542E101001F2EB0 /* Project object */ = {
			isa = PBXProject;
			attributes = {
				LastUpgradeCheck = 1170;
				ORGANIZATIONNAME = Nicorobine;
				TargetAttributes = {
					830C2CFE2542E101001F2EB0 = {
						CreatedOnToolsVersion = 11.7;
					};
				};
			};
			buildConfigurationList = 830C2CFA2542E101001F2EB0 /* Build configuration list for PBXProject "WLAppLifeCycleDemo" */;
			compatibilityVersion = "Xcode 9.3";
			developmentRegion = en;
			hasScannedForEncodings = 0;
			knownRegions = (
				en,
				Base,
			);
			mainGroup = 830C2CF62542E101001F2EB0;
			productRefGroup = 830C2D002542E101001F2EB0 /* Products */;
			projectDirPath = "";
			projectRoot = "";
			targets = (
				830C2CFE2542E101001F2EB0 /* WLAppLifeCycleDemo */,
			);
		};
/* End PBXProject section */

/* Begin PBXResourcesBuildPhase section */
		830C2CFD2542E101001F2EB0 /* Resources */ = {
			isa = PBXResourcesBuildPhase;
			buildActionMask = 2147483647;
			files = (
				830C2D152542E106001F2EB0 /* LaunchScreen.storyboard in Resources */,
				830C2D41254946A9001F2EB0 /* NRTestOne.storyboard in Resources */,
				83E01E452554FC44005952ED /* NRShorCutViewController.xib in Resources */,
				830C2D122542E106001F2EB0 /* Assets.xcassets in Resources */,
				830C2D0D2542E101001F2EB0 /* Main.storyboard in Resources */,
			);
			runOnlyForDeploymentPostprocessing = 0;
		};
/* End PBXResourcesBuildPhase section */

/* Begin PBXSourcesBuildPhase section */
		830C2CFB2542E101001F2EB0 /* Sources */ = {
			isa = PBXSourcesBuildPhase;
			buildActionMask = 2147483647;
			files = (
				830C2D202542E38A001F2EB0 /* NRApplication.m in Sources */,
				830C2D3D254940FD001F2EB0 /* NRSceneTestViewController.m in Sources */,
				830C2D4425494753001F2EB0 /* NRSceneOneDelegate.m in Sources */,
				83E01E442554FC44005952ED /* NRShorCutViewController.m in Sources */,
				830C2D182542E106001F2EB0 /* main.m in Sources */,
				830C2D102542E101001F2EB0 /* WLAppLifeCycleDemo.xcdatamodeld in Sources */,
				83E01E402554F7C8005952ED /* NRShortCutScceneDelegate.m in Sources */,
				830C2D0A2542E101001F2EB0 /* ViewController.m in Sources */,
				830C2D042542E101001F2EB0 /* AppDelegate.m in Sources */,
				830C2D072542E101001F2EB0 /* SceneDelegate.m in Sources */,
			);
			runOnlyForDeploymentPostprocessing = 0;
		};
/* End PBXSourcesBuildPhase section */

/* Begin PBXVariantGroup section */
		830C2D0B2542E101001F2EB0 /* Main.storyboard */ = {
			isa = PBXVariantGroup;
			children = (
				830C2D0C2542E101001F2EB0 /* Base */,
			);
			name = Main.storyboard;
			sourceTree = "<group>";
		};
		830C2D132542E106001F2EB0 /* LaunchScreen.storyboard */ = {
			isa = PBXVariantGroup;
			children = (
				830C2D142542E106001F2EB0 /* Base */,
			);
			name = LaunchScreen.storyboard;
			sourceTree = "<group>";
		};
/* End PBXVariantGroup section */

/* Begin XCBuildConfiguration section */
		830C2D192542E106001F2EB0 /* Debug */ = {
			isa = XCBuildConfiguration;
			buildSettings = {
				ALWAYS_SEARCH_USER_PATHS = NO;
				CLANG_ANALYZER_NONNULL = YES;
				CLANG_ANALYZER_NUMBER_OBJECT_CONVERSION = YES_AGGRESSIVE;
				CLANG_CXX_LANGUAGE_STANDARD = "gnu++14";
				CLANG_CXX_LIBRARY = "libc++";
				CLANG_ENABLE_MODULES = YES;
				CLANG_ENABLE_OBJC_ARC = YES;
				CLANG_ENABLE_OBJC_WEAK = YES;
				CLANG_WARN_BLOCK_CAPTURE_AUTORELEASING = YES;
				CLANG_WARN_BOOL_CONVERSION = YES;
				CLANG_WARN_COMMA = YES;
				CLANG_WARN_CONSTANT_CONVERSION = YES;
				CLANG_WARN_DEPRECATED_OBJC_IMPLEMENTATIONS = YES;
				CLANG_WARN_DIRECT_OBJC_ISA_USAGE = YES_ERROR;
				CLANG_WARN_DOCUMENTATION_COMMENTS = YES;
				CLANG_WARN_EMPTY_BODY = YES;
				CLANG_WARN_ENUM_CONVERSION = YES;
				CLANG_WARN_INFINITE_RECURSION = YES;
				CLANG_WARN_INT_CONVERSION = YES;
				CLANG_WARN_NON_LITERAL_NULL_CONVERSION = YES;
				CLANG_WARN_OBJC_IMPLICIT_RETAIN_SELF = YES;
				CLANG_WARN_OBJC_LITERAL_CONVERSION = YES;
				CLANG_WARN_OBJC_ROOT_CLASS = YES_ERROR;
				CLANG_WARN_RANGE_LOOP_ANALYSIS = YES;
				CLANG_WARN_STRICT_PROTOTYPES = YES;
				CLANG_WARN_SUSPICIOUS_MOVE = YES;
				CLANG_WARN_UNGUARDED_AVAILABILITY = YES_AGGRESSIVE;
				CLANG_WARN_UNREACHABLE_CODE = YES;
				CLANG_WARN__DUPLICATE_METHOD_MATCH = YES;
				COPY_PHASE_STRIP = NO;
				DEBUG_INFORMATION_FORMAT = dwarf;
				ENABLE_STRICT_OBJC_MSGSEND = YES;
				ENABLE_TESTABILITY = YES;
				GCC_C_LANGUAGE_STANDARD = gnu11;
				GCC_DYNAMIC_NO_PIC = NO;
				GCC_NO_COMMON_BLOCKS = YES;
				GCC_OPTIMIZATION_LEVEL = 0;
				GCC_PREPROCESSOR_DEFINITIONS = (
					"DEBUG=1",
					"$(inherited)",
				);
				GCC_WARN_64_TO_32_BIT_CONVERSION = YES;
				GCC_WARN_ABOUT_RETURN_TYPE = YES_ERROR;
				GCC_WARN_UNDECLARED_SELECTOR = YES;
				GCC_WARN_UNINITIALIZED_AUTOS = YES_AGGRESSIVE;
				GCC_WARN_UNUSED_FUNCTION = YES;
				GCC_WARN_UNUSED_VARIABLE = YES;
				IPHONEOS_DEPLOYMENT_TARGET = 13.7;
				MTL_ENABLE_DEBUG_INFO = INCLUDE_SOURCE;
				MTL_FAST_MATH = YES;
				ONLY_ACTIVE_ARCH = YES;
				SDKROOT = iphoneos;
			};
			name = Debug;
		};
		830C2D1A2542E106001F2EB0 /* Release */ = {
			isa = XCBuildConfiguration;
			buildSettings = {
				ALWAYS_SEARCH_USER_PATHS = NO;
				CLANG_ANALYZER_NONNULL = YES;
				CLANG_ANALYZER_NUMBER_OBJECT_CONVERSION = YES_AGGRESSIVE;
				CLANG_CXX_LANGUAGE_STANDARD = "gnu++14";
				CLANG_CXX_LIBRARY = "libc++";
				CLANG_ENABLE_MODULES = YES;
				CLANG_ENABLE_OBJC_ARC = YES;
				CLANG_ENABLE_OBJC_WEAK = YES;
				CLANG_WARN_BLOCK_CAPTURE_AUTORELEASING = YES;
				CLANG_WARN_BOOL_CONVERSION = YES;
				CLANG_WARN_COMMA = YES;
				CLANG_WARN_CONSTANT_CONVERSION = YES;
				CLANG_WARN_DEPRECATED_OBJC_IMPLEMENTATIONS = YES;
				CLANG_WARN_DIRECT_OBJC_ISA_USAGE = YES_ERROR;
				CLANG_WARN_DOCUMENTATION_COMMENTS = YES;
				CLANG_WARN_EMPTY_BODY = YES;
				CLANG_WARN_ENUM_CONVERSION = YES;
				CLANG_WARN_INFINITE_RECURSION = YES;
				CLANG_WARN_INT_CONVERSION = YES;
				CLANG_WARN_NON_LITERAL_NULL_CONVERSION = YES;
				CLANG_WARN_OBJC_IMPLICIT_RETAIN_SELF = YES;
				CLANG_WARN_OBJC_LITERAL_CONVERSION = YES;
				CLANG_WARN_OBJC_ROOT_CLASS = YES_ERROR;
				CLANG_WARN_RANGE_LOOP_ANALYSIS = YES;
				CLANG_WARN_STRICT_PROTOTYPES = YES;
				CLANG_WARN_SUSPICIOUS_MOVE = YES;
				CLANG_WARN_UNGUARDED_AVAILABILITY = YES_AGGRESSIVE;
				CLANG_WARN_UNREACHABLE_CODE = YES;
				CLANG_WARN__DUPLICATE_METHOD_MATCH = YES;
				COPY_PHASE_STRIP = NO;
				DEBUG_INFORMATION_FORMAT = "dwarf-with-dsym";
				ENABLE_NS_ASSERTIONS = NO;
				ENABLE_STRICT_OBJC_MSGSEND = YES;
				GCC_C_LANGUAGE_STANDARD = gnu11;
				GCC_NO_COMMON_BLOCKS = YES;
				GCC_WARN_64_TO_32_BIT_CONVERSION = YES;
				GCC_WARN_ABOUT_RETURN_TYPE = YES_ERROR;
				GCC_WARN_UNDECLARED_SELECTOR = YES;
				GCC_WARN_UNINITIALIZED_AUTOS = YES_AGGRESSIVE;
				GCC_WARN_UNUSED_FUNCTION = YES;
				GCC_WARN_UNUSED_VARIABLE = YES;
				IPHONEOS_DEPLOYMENT_TARGET = 13.7;
				MTL_ENABLE_DEBUG_INFO = NO;
				MTL_FAST_MATH = YES;
				SDKROOT = iphoneos;
				VALIDATE_PRODUCT = YES;
			};
			name = Release;
		};
		830C2D1C2542E106001F2EB0 /* Debug */ = {
			isa = XCBuildConfiguration;
			buildSettings = {
				ASSETCATALOG_COMPILER_APPICON_NAME = AppIcon;
				CODE_SIGN_STYLE = Automatic;
				INFOPLIST_FILE = WLAppLifeCycleDemo/Info.plist;
				LD_RUNPATH_SEARCH_PATHS = (
					"$(inherited)",
					"@executable_path/Frameworks",
				);
				PRODUCT_BUNDLE_IDENTIFIER = Nicorobine.WLAppLifeCycleDemo;
				PRODUCT_NAME = "$(TARGET_NAME)";
				TARGETED_DEVICE_FAMILY = "1,2";
			};
			name = Debug;
		};
		830C2D1D2542E106001F2EB0 /* Release */ = {
			isa = XCBuildConfiguration;
			buildSettings = {
				ASSETCATALOG_COMPILER_APPICON_NAME = AppIcon;
				CODE_SIGN_STYLE = Automatic;
				INFOPLIST_FILE = WLAppLifeCycleDemo/Info.plist;
				LD_RUNPATH_SEARCH_PATHS = (
					"$(inherited)",
					"@executable_path/Frameworks",
				);
				PRODUCT_BUNDLE_IDENTIFIER = Nicorobine.WLAppLifeCycleDemo;
				PRODUCT_NAME = "$(TARGET_NAME)";
				TARGETED_DEVICE_FAMILY = "1,2";
			};
			name = Release;
		};
/* End XCBuildConfiguration section */

/* Begin XCConfigurationList section */
		830C2CFA2542E101001F2EB0 /* Build configuration list for PBXProject "WLAppLifeCycleDemo" */ = {
			isa = XCConfigurationList;
			buildConfigurations = (
				830C2D192542E106001F2EB0 /* Debug */,
				830C2D1A2542E106001F2EB0 /* Release */,
			);
			defaultConfigurationIsVisible = 0;
			defaultConfigurationName = Release;
		};
		830C2D1B2542E106001F2EB0 /* Build configuration list for PBXNativeTarget "WLAppLifeCycleDemo" */ = {
			isa = XCConfigurationList;
			buildConfigurations = (
				830C2D1C2542E106001F2EB0 /* Debug */,
				830C2D1D2542E106001F2EB0 /* Release */,
			);
			defaultConfigurationIsVisible = 0;
			defaultConfigurationName = Release;
		};
/* End XCConfigurationList section */

/* Begin XCVersionGroup section */
		830C2D0E2542E101001F2EB0 /* WLAppLifeCycleDemo.xcdatamodeld */ = {
			isa = XCVersionGroup;
			children = (
				830C2D0F2542E101001F2EB0 /* WLAppLifeCycleDemo.xcdatamodel */,
			);
			currentVersion = 830C2D0F2542E101001F2EB0 /* WLAppLifeCycleDemo.xcdatamodel */;
			path = WLAppLifeCycleDemo.xcdatamodeld;
			sourceTree = "<group>";
			versionGroupType = wrapper.xcdatamodel;
		};
/* End XCVersionGroup section */
	};
	rootObject = 830C2CF72542E101001F2EB0 /* Project object */;
}
