// !$*UTF8*$!
{
	archiveVersion = 1;
	classes = {
	};
	objectVersion = 50;
	objects = {

/* Begin PBXBuildFile section */
		83C966D824D404D000913065 /* AppDelegate.m in Sources */ = {isa = PBXBuildFile; fileRef = 83C966D724D404D000913065 /* AppDelegate.m */; };
		83C966DB24D404D000913065 /* SceneDelegate.m in Sources */ = {isa = PBXBuildFile; fileRef = 83C966DA24D404D000913065 /* SceneDelegate.m */; };
		83C966E124D404D000913065 /* Main.storyboard in Resources */ = {isa = PBXBuildFile; fileRef = 83C966DF24D404D000913065 /* Main.storyboard */; };
		83C966E424D404D000913065 /* NRNameAndPwdDemo.xcdatamodeld in Sources */ = {isa = PBXBuildFile; fileRef = 83C966E224D404D000913065 /* NRNameAndPwdDemo.xcdatamodeld */; };
		83C966E624D404D500913065 /* Assets.xcassets in Resources */ = {isa = PBXBuildFile; fileRef = 83C966E524D404D500913065 /* Assets.xcassets */; };
		83C966E924D404D500913065 /* LaunchScreen.storyboard in Resources */ = {isa = PBXBuildFile; fileRef = 83C966E724D404D500913065 /* LaunchScreen.storyboard */; };
		83C966EC24D404D500913065 /* main.m in Sources */ = {isa = PBXBuildFile; fileRef = 83C966EB24D404D500913065 /* main.m */; };
		83C966F424D4055600913065 /* AuthenticationServices.framework in Frameworks */ = {isa = PBXBuildFile; fileRef = 83C966F324D4055600913065 /* AuthenticationServices.framework */; };
		83C966F624D4056000913065 /* LocalAuthentication.framework in Frameworks */ = {isa = PBXBuildFile; fileRef = 83C966F524D4056000913065 /* LocalAuthentication.framework */; };
		83C966FC24D409C300913065 /* NRBiometricLoginViewController.m in Sources */ = {isa = PBXBuildFile; fileRef = 83C966FA24D409C300913065 /* NRBiometricLoginViewController.m */; };
		83C966FD24D409C300913065 /* NRBiometricLoginViewController.xib in Resources */ = {isa = PBXBuildFile; fileRef = 83C966FB24D409C300913065 /* NRBiometricLoginViewController.xib */; };
		83C9670024D4172A00913065 /* NRMainViewController.m in Sources */ = {isa = PBXBuildFile; fileRef = 83C966FF24D4172A00913065 /* NRMainViewController.m */; };
		83C9670324D4182800913065 /* NRMainModel.m in Sources */ = {isa = PBXBuildFile; fileRef = 83C9670224D4182800913065 /* NRMainModel.m */; };
/* End PBXBuildFile section */

/* Begin PBXFileReference section */
		83C966D324D404D000913065 /* NRNameAndPwdDemo.app */ = {isa = PBXFileReference; explicitFileType = wrapper.application; includeInIndex = 0; path = NRNameAndPwdDemo.app; sourceTree = BUILT_PRODUCTS_DIR; };
		83C966D624D404D000913065 /* AppDelegate.h */ = {isa = PBXFileReference; lastKnownFileType = sourcecode.c.h; path = AppDelegate.h; sourceTree = "<group>"; };
		83C966D724D404D000913065 /* AppDelegate.m */ = {isa = PBXFileReference; lastKnownFileType = sourcecode.c.objc; path = AppDelegate.m; sourceTree = "<group>"; };
		83C966D924D404D000913065 /* SceneDelegate.h */ = {isa = PBXFileReference; lastKnownFileType = sourcecode.c.h; path = SceneDelegate.h; sourceTree = "<group>"; };
		83C966DA24D404D000913065 /* SceneDelegate.m */ = {isa = PBXFileReference; lastKnownFileType = sourcecode.c.objc; path = SceneDelegate.m; sourceTree = "<group>"; };
		83C966E024D404D000913065 /* Base */ = {isa = PBXFileReference; lastKnownFileType = file.storyboard; name = Base; path = Base.lproj/Main.storyboard; sourceTree = "<group>"; };
		83C966E324D404D000913065 /* NRNameAndPwdDemo.xcdatamodel */ = {isa = PBXFileReference; lastKnownFileType = wrapper.xcdatamodel; path = NRNameAndPwdDemo.xcdatamodel; sourceTree = "<group>"; };
		83C966E524D404D500913065 /* Assets.xcassets */ = {isa = PBXFileReference; lastKnownFileType = folder.assetcatalog; path = Assets.xcassets; sourceTree = "<group>"; };
		83C966E824D404D500913065 /* Base */ = {isa = PBXFileReference; lastKnownFileType = file.storyboard; name = Base; path = Base.lproj/LaunchScreen.storyboard; sourceTree = "<group>"; };
		83C966EA24D404D500913065 /* Info.plist */ = {isa = PBXFileReference; lastKnownFileType = text.plist.xml; path = Info.plist; sourceTree = "<group>"; };
		83C966EB24D404D500913065 /* main.m */ = {isa = PBXFileReference; lastKnownFileType = sourcecode.c.objc; path = main.m; sourceTree = "<group>"; };
		83C966F324D4055600913065 /* AuthenticationServices.framework */ = {isa = PBXFileReference; lastKnownFileType = wrapper.framework; name = AuthenticationServices.framework; path = System/Library/Frameworks/AuthenticationServices.framework; sourceTree = SDKROOT; };
		83C966F524D4056000913065 /* LocalAuthentication.framework */ = {isa = PBXFileReference; lastKnownFileType = wrapper.framework; name = LocalAuthentication.framework; path = System/Library/Frameworks/LocalAuthentication.framework; sourceTree = SDKROOT; };
		83C966F924D409C300913065 /* NRBiometricLoginViewController.h */ = {isa = PBXFileReference; lastKnownFileType = sourcecode.c.h; path = NRBiometricLoginViewController.h; sourceTree = "<group>"; };
		83C966FA24D409C300913065 /* NRBiometricLoginViewController.m */ = {isa = PBXFileReference; lastKnownFileType = sourcecode.c.objc; path = NRBiometricLoginViewController.m; sourceTree = "<group>"; };
		83C966FB24D409C300913065 /* NRBiometricLoginViewController.xib */ = {isa = PBXFileReference; lastKnownFileType = file.xib; path = NRBiometricLoginViewController.xib; sourceTree = "<group>"; };
		83C966FE24D4172A00913065 /* NRMainViewController.h */ = {isa = PBXFileReference; lastKnownFileType = sourcecode.c.h; path = NRMainViewController.h; sourceTree = "<group>"; };
		83C966FF24D4172A00913065 /* NRMainViewController.m */ = {isa = PBXFileReference; lastKnownFileType = sourcecode.c.objc; path = NRMainViewController.m; sourceTree = "<group>"; };
		83C9670124D4182800913065 /* NRMainModel.h */ = {isa = PBXFileReference; lastKnownFileType = sourcecode.c.h; path = NRMainModel.h; sourceTree = "<group>"; };
		83C9670224D4182800913065 /* NRMainModel.m */ = {isa = PBXFileReference; lastKnownFileType = sourcecode.c.objc; path = NRMainModel.m; sourceTree = "<group>"; };
		83C9670424D4224900913065 /* NRNameAndPwdDemo.entitlements */ = {isa = PBXFileReference; lastKnownFileType = text.plist.entitlements; path = NRNameAndPwdDemo.entitlements; sourceTree = "<group>"; };
/* End PBXFileReference section */

/* Begin PBXFrameworksBuildPhase section */
		83C966D024D404D000913065 /* Frameworks */ = {
			isa = PBXFrameworksBuildPhase;
			buildActionMask = 2147483647;
			files = (
				83C966F624D4056000913065 /* LocalAuthentication.framework in Frameworks */,
				83C966F424D4055600913065 /* AuthenticationServices.framework in Frameworks */,
			);
			runOnlyForDeploymentPostprocessing = 0;
		};
/* End PBXFrameworksBuildPhase section */

/* Begin PBXGroup section */
		83C966CA24D404D000913065 = {
			isa = PBXGroup;
			children = (
				83C966D524D404D000913065 /* NRNameAndPwdDemo */,
				83C966D424D404D000913065 /* Products */,
				83C966F224D4055600913065 /* Frameworks */,
			);
			sourceTree = "<group>";
		};
		83C966D424D404D000913065 /* Products */ = {
			isa = PBXGroup;
			children = (
				83C966D324D404D000913065 /* NRNameAndPwdDemo.app */,
			);
			name = Products;
			sourceTree = "<group>";
		};
		83C966D524D404D000913065 /* NRNameAndPwdDemo */ = {
			isa = PBXGroup;
			children = (
				83C9670424D4224900913065 /* NRNameAndPwdDemo.entitlements */,
				83C966F724D4095F00913065 /* Categories */,
				83C966D624D404D000913065 /* AppDelegate.h */,
				83C966D724D404D000913065 /* AppDelegate.m */,
				83C966D924D404D000913065 /* SceneDelegate.h */,
				83C966DA24D404D000913065 /* SceneDelegate.m */,
				83C966DF24D404D000913065 /* Main.storyboard */,
				83C966E524D404D500913065 /* Assets.xcassets */,
				83C966E724D404D500913065 /* LaunchScreen.storyboard */,
				83C966EA24D404D500913065 /* Info.plist */,
				83C966EB24D404D500913065 /* main.m */,
				83C966E224D404D000913065 /* NRNameAndPwdDemo.xcdatamodeld */,
				83C966FE24D4172A00913065 /* NRMainViewController.h */,
				83C966FF24D4172A00913065 /* NRMainViewController.m */,
				83C9670124D4182800913065 /* NRMainModel.h */,
				83C9670224D4182800913065 /* NRMainModel.m */,
			);
			path = NRNameAndPwdDemo;
			sourceTree = "<group>";
		};
		83C966F224D4055600913065 /* Frameworks */ = {
			isa = PBXGroup;
			children = (
				83C966F524D4056000913065 /* LocalAuthentication.framework */,
				83C966F324D4055600913065 /* AuthenticationServices.framework */,
			);
			name = Frameworks;
			sourceTree = "<group>";
		};
		83C966F724D4095F00913065 /* Categories */ = {
			isa = PBXGroup;
			children = (
				83C966F824D4097200913065 /* FaceIdOrTouchID */,
			);
			path = Categories;
			sourceTree = "<group>";
		};
		83C966F824D4097200913065 /* FaceIdOrTouchID */ = {
			isa = PBXGroup;
			children = (
				83C966F924D409C300913065 /* NRBiometricLoginViewController.h */,
				83C966FA24D409C300913065 /* NRBiometricLoginViewController.m */,
				83C966FB24D409C300913065 /* NRBiometricLoginViewController.xib */,
			);
			path = FaceIdOrTouchID;
			sourceTree = "<group>";
		};
/* End PBXGroup section */

/* Begin PBXNativeTarget section */
		83C966D224D404D000913065 /* NRNameAndPwdDemo */ = {
			isa = PBXNativeTarget;
			buildConfigurationList = 83C966EF24D404D500913065 /* Build configuration list for PBXNativeTarget "NRNameAndPwdDemo" */;
			buildPhases = (
				83C966CF24D404D000913065 /* Sources */,
				83C966D024D404D000913065 /* Frameworks */,
				83C966D124D404D000913065 /* Resources */,
			);
			buildRules = (
			);
			dependencies = (
			);
			name = NRNameAndPwdDemo;
			productName = NRNameAndPwdDemo;
			productReference = 83C966D324D404D000913065 /* NRNameAndPwdDemo.app */;
			productType = "com.apple.product-type.application";
		};
/* End PBXNativeTarget section */

/* Begin PBXProject section */
		83C966CB24D404D000913065 /* Project object */ = {
			isa = PBXProject;
			attributes = {
				LastUpgradeCheck = 1150;
				ORGANIZATIONNAME = Nicorobine;
				TargetAttributes = {
					83C966D224D404D000913065 = {
						CreatedOnToolsVersion = 11.5;
					};
				};
			};
			buildConfigurationList = 83C966CE24D404D000913065 /* Build configuration list for PBXProject "NRNameAndPwdDemo" */;
			compatibilityVersion = "Xcode 9.3";
			developmentRegion = en;
			hasScannedForEncodings = 0;
			knownRegions = (
				en,
				Base,
			);
			mainGroup = 83C966CA24D404D000913065;
			productRefGroup = 83C966D424D404D000913065 /* Products */;
			projectDirPath = "";
			projectRoot = "";
			targets = (
				83C966D224D404D000913065 /* NRNameAndPwdDemo */,
			);
		};
/* End PBXProject section */

/* Begin PBXResourcesBuildPhase section */
		83C966D124D404D000913065 /* Resources */ = {
			isa = PBXResourcesBuildPhase;
			buildActionMask = 2147483647;
			files = (
				83C966E924D404D500913065 /* LaunchScreen.storyboard in Resources */,
				83C966FD24D409C300913065 /* NRBiometricLoginViewController.xib in Resources */,
				83C966E624D404D500913065 /* Assets.xcassets in Resources */,
				83C966E124D404D000913065 /* Main.storyboard in Resources */,
			);
			runOnlyForDeploymentPostprocessing = 0;
		};
/* End PBXResourcesBuildPhase section */

/* Begin PBXSourcesBuildPhase section */
		83C966CF24D404D000913065 /* Sources */ = {
			isa = PBXSourcesBuildPhase;
			buildActionMask = 2147483647;
			files = (
				83C966EC24D404D500913065 /* main.m in Sources */,
				83C966FC24D409C300913065 /* NRBiometricLoginViewController.m in Sources */,
				83C966E424D404D000913065 /* NRNameAndPwdDemo.xcdatamodeld in Sources */,
				83C9670024D4172A00913065 /* NRMainViewController.m in Sources */,
				83C966D824D404D000913065 /* AppDelegate.m in Sources */,
				83C966DB24D404D000913065 /* SceneDelegate.m in Sources */,
				83C9670324D4182800913065 /* NRMainModel.m in Sources */,
			);
			runOnlyForDeploymentPostprocessing = 0;
		};
/* End PBXSourcesBuildPhase section */

/* Begin PBXVariantGroup section */
		83C966DF24D404D000913065 /* Main.storyboard */ = {
			isa = PBXVariantGroup;
			children = (
				83C966E024D404D000913065 /* Base */,
			);
			name = Main.storyboard;
			sourceTree = "<group>";
		};
		83C966E724D404D500913065 /* LaunchScreen.storyboard */ = {
			isa = PBXVariantGroup;
			children = (
				83C966E824D404D500913065 /* Base */,
			);
			name = LaunchScreen.storyboard;
			sourceTree = "<group>";
		};
/* End PBXVariantGroup section */

/* Begin XCBuildConfiguration section */
		83C966ED24D404D500913065 /* Debug */ = {
			isa = XCBuildConfiguration;
			buildSettings = {
				ALWAYS_SEARCH_USER_PATHS = NO;
				CLANG_ANALYZER_NONNULL = YES;
				CLANG_ANALYZER_NUMBER_OBJECT_CONVERSION = YES_AGGRESSIVE;
				CLANG_CXX_LANGUAGE_STANDARD = "gnu++14";
				CLANG_CXX_LIBRARY = "libc++";
				CLANG_ENABLE_MODULES = YES;
				CLANG_ENABLE_OBJC_ARC = YES;
				CLANG_ENABLE_OBJC_WEAK = YES;
				CLANG_WARN_BLOCK_CAPTURE_AUTORELEASING = YES;
				CLANG_WARN_BOOL_CONVERSION = YES;
				CLANG_WARN_COMMA = YES;
				CLANG_WARN_CONSTANT_CONVERSION = YES;
				CLANG_WARN_DEPRECATED_OBJC_IMPLEMENTATIONS = YES;
				CLANG_WARN_DIRECT_OBJC_ISA_USAGE = YES_ERROR;
				CLANG_WARN_DOCUMENTATION_COMMENTS = YES;
				CLANG_WARN_EMPTY_BODY = YES;
				CLANG_WARN_ENUM_CONVERSION = YES;
				CLANG_WARN_INFINITE_RECURSION = YES;
				CLANG_WARN_INT_CONVERSION = YES;
				CLANG_WARN_NON_LITERAL_NULL_CONVERSION = YES;
				CLANG_WARN_OBJC_IMPLICIT_RETAIN_SELF = YES;
				CLANG_WARN_OBJC_LITERAL_CONVERSION = YES;
				CLANG_WARN_OBJC_ROOT_CLASS = YES_ERROR;
				CLANG_WARN_RANGE_LOOP_ANALYSIS = YES;
				CLANG_WARN_STRICT_PROTOTYPES = YES;
				CLANG_WARN_SUSPICIOUS_MOVE = YES;
				CLANG_WARN_UNGUARDED_AVAILABILITY = YES_AGGRESSIVE;
				CLANG_WARN_UNREACHABLE_CODE = YES;
				CLANG_WARN__DUPLICATE_METHOD_MATCH = YES;
				COPY_PHASE_STRIP = NO;
				DEBUG_INFORMATION_FORMAT = dwarf;
				ENABLE_STRICT_OBJC_MSGSEND = YES;
				ENABLE_TESTABILITY = YES;
				GCC_C_LANGUAGE_STANDARD = gnu11;
				GCC_DYNAMIC_NO_PIC = NO;
				GCC_NO_COMMON_BLOCKS = YES;
				GCC_OPTIMIZATION_LEVEL = 0;
				GCC_PREPROCESSOR_DEFINITIONS = (
					"DEBUG=1",
					"$(inherited)",
				);
				GCC_WARN_64_TO_32_BIT_CONVERSION = YES;
				GCC_WARN_ABOUT_RETURN_TYPE = YES_ERROR;
				GCC_WARN_UNDECLARED_SELECTOR = YES;
				GCC_WARN_UNINITIALIZED_AUTOS = YES_AGGRESSIVE;
				GCC_WARN_UNUSED_FUNCTION = YES;
				GCC_WARN_UNUSED_VARIABLE = YES;
				IPHONEOS_DEPLOYMENT_TARGET = 13.5;
				MTL_ENABLE_DEBUG_INFO = INCLUDE_SOURCE;
				MTL_FAST_MATH = YES;
				ONLY_ACTIVE_ARCH = YES;
				SDKROOT = iphoneos;
			};
			name = Debug;
		};
		83C966EE24D404D500913065 /* Release */ = {
			isa = XCBuildConfiguration;
			buildSettings = {
				ALWAYS_SEARCH_USER_PATHS = NO;
				CLANG_ANALYZER_NONNULL = YES;
				CLANG_ANALYZER_NUMBER_OBJECT_CONVERSION = YES_AGGRESSIVE;
				CLANG_CXX_LANGUAGE_STANDARD = "gnu++14";
				CLANG_CXX_LIBRARY = "libc++";
				CLANG_ENABLE_MODULES = YES;
				CLANG_ENABLE_OBJC_ARC = YES;
				CLANG_ENABLE_OBJC_WEAK = YES;
				CLANG_WARN_BLOCK_CAPTURE_AUTORELEASING = YES;
				CLANG_WARN_BOOL_CONVERSION = YES;
				CLANG_WARN_COMMA = YES;
				CLANG_WARN_CONSTANT_CONVERSION = YES;
				CLANG_WARN_DEPRECATED_OBJC_IMPLEMENTATIONS = YES;
				CLANG_WARN_DIRECT_OBJC_ISA_USAGE = YES_ERROR;
				CLANG_WARN_DOCUMENTATION_COMMENTS = YES;
				CLANG_WARN_EMPTY_BODY = YES;
				CLANG_WARN_ENUM_CONVERSION = YES;
				CLANG_WARN_INFINITE_RECURSION = YES;
				CLANG_WARN_INT_CONVERSION = YES;
				CLANG_WARN_NON_LITERAL_NULL_CONVERSION = YES;
				CLANG_WARN_OBJC_IMPLICIT_RETAIN_SELF = YES;
				CLANG_WARN_OBJC_LITERAL_CONVERSION = YES;
				CLANG_WARN_OBJC_ROOT_CLASS = YES_ERROR;
				CLANG_WARN_RANGE_LOOP_ANALYSIS = YES;
				CLANG_WARN_STRICT_PROTOTYPES = YES;
				CLANG_WARN_SUSPICIOUS_MOVE = YES;
				CLANG_WARN_UNGUARDED_AVAILABILITY = YES_AGGRESSIVE;
				CLANG_WARN_UNREACHABLE_CODE = YES;
				CLANG_WARN__DUPLICATE_METHOD_MATCH = YES;
				COPY_PHASE_STRIP = NO;
				DEBUG_INFORMATION_FORMAT = "dwarf-with-dsym";
				ENABLE_NS_ASSERTIONS = NO;
				ENABLE_STRICT_OBJC_MSGSEND = YES;
				GCC_C_LANGUAGE_STANDARD = gnu11;
				GCC_NO_COMMON_BLOCKS = YES;
				GCC_WARN_64_TO_32_BIT_CONVERSION = YES;
				GCC_WARN_ABOUT_RETURN_TYPE = YES_ERROR;
				GCC_WARN_UNDECLARED_SELECTOR = YES;
				GCC_WARN_UNINITIALIZED_AUTOS = YES_AGGRESSIVE;
				GCC_WARN_UNUSED_FUNCTION = YES;
				GCC_WARN_UNUSED_VARIABLE = YES;
				IPHONEOS_DEPLOYMENT_TARGET = 13.5;
				MTL_ENABLE_DEBUG_INFO = NO;
				MTL_FAST_MATH = YES;
				SDKROOT = iphoneos;
				VALIDATE_PRODUCT = YES;
			};
			name = Release;
		};
		83C966F024D404D500913065 /* Debug */ = {
			isa = XCBuildConfiguration;
			buildSettings = {
				ASSETCATALOG_COMPILER_APPICON_NAME = AppIcon;
				CODE_SIGN_ENTITLEMENTS = NRNameAndPwdDemo/NRNameAndPwdDemo.entitlements;
				CODE_SIGN_STYLE = Automatic;
				DEVELOPMENT_TEAM = NEFN7ET24B;
				INFOPLIST_FILE = NRNameAndPwdDemo/Info.plist;
				IPHONEOS_DEPLOYMENT_TARGET = 13.0;
				LD_RUNPATH_SEARCH_PATHS = (
					"$(inherited)",
					"@executable_path/Frameworks",
				);
				PRODUCT_BUNDLE_IDENTIFIER = com.jzxl.project.wwt;
				PRODUCT_NAME = "$(TARGET_NAME)";
				TARGETED_DEVICE_FAMILY = "1,2";
			};
			name = Debug;
		};
		83C966F124D404D500913065 /* Release */ = {
			isa = XCBuildConfiguration;
			buildSettings = {
				ASSETCATALOG_COMPILER_APPICON_NAME = AppIcon;
				CODE_SIGN_ENTITLEMENTS = NRNameAndPwdDemo/NRNameAndPwdDemo.entitlements;
				CODE_SIGN_STYLE = Automatic;
				DEVELOPMENT_TEAM = NEFN7ET24B;
				INFOPLIST_FILE = NRNameAndPwdDemo/Info.plist;
				IPHONEOS_DEPLOYMENT_TARGET = 13.0;
				LD_RUNPATH_SEARCH_PATHS = (
					"$(inherited)",
					"@executable_path/Frameworks",
				);
				PRODUCT_BUNDLE_IDENTIFIER = com.jzxl.project.wwt;
				PRODUCT_NAME = "$(TARGET_NAME)";
				TARGETED_DEVICE_FAMILY = "1,2";
			};
			name = Release;
		};
/* End XCBuildConfiguration section */

/* Begin XCConfigurationList section */
		83C966CE24D404D000913065 /* Build configuration list for PBXProject "NRNameAndPwdDemo" */ = {
			isa = XCConfigurationList;
			buildConfigurations = (
				83C966ED24D404D500913065 /* Debug */,
				83C966EE24D404D500913065 /* Release */,
			);
			defaultConfigurationIsVisible = 0;
			defaultConfigurationName = Release;
		};
		83C966EF24D404D500913065 /* Build configuration list for PBXNativeTarget "NRNameAndPwdDemo" */ = {
			isa = XCConfigurationList;
			buildConfigurations = (
				83C966F024D404D500913065 /* Debug */,
				83C966F124D404D500913065 /* Release */,
			);
			defaultConfigurationIsVisible = 0;
			defaultConfigurationName = Release;
		};
/* End XCConfigurationList section */

/* Begin XCVersionGroup section */
		83C966E224D404D000913065 /* NRNameAndPwdDemo.xcdatamodeld */ = {
			isa = XCVersionGroup;
			children = (
				83C966E324D404D000913065 /* NRNameAndPwdDemo.xcdatamodel */,
			);
			currentVersion = 83C966E324D404D000913065 /* NRNameAndPwdDemo.xcdatamodel */;
			path = NRNameAndPwdDemo.xcdatamodeld;
			sourceTree = "<group>";
			versionGroupType = wrapper.xcdatamodel;
		};
/* End XCVersionGroup section */
	};
	rootObject = 83C966CB24D404D000913065 /* Project object */;
}
